
Microsoft Visual Studio Solution File, Format Version 12.00
# Visual Studio Version 17
VisualStudioVersion = 17.14.36327.8 d17.14
MinimumVisualStudioVersion = 10.0.40219.1
Project("{FAE04EC0-301F-11D3-BF4B-00C04F79EFBC}") = "whatIsThatCharacter", "whatIsThatCharacter\whatIsThatCharacter.csproj", "{A0105318-FC6E-4756-B81E-3603ED360F62}"
EndProject
Global
	GlobalSection(SolutionConfigurationPlatforms) = preSolution
		Debug|Any CPU = Debug|Any CPU
		Release|Any CPU = Release|Any CPU
	EndGlobalSection
	GlobalSection(ProjectConfigurationPlatforms) = postSolution
		{A0105318-FC6E-4756-B81E-3603ED360F62}.Debug|Any CPU.ActiveCfg = Debug|Any CPU
		{A0105318-FC6E-4756-B81E-3603ED360F62}.Debug|Any CPU.Build.0 = Debug|Any CPU
		{A0105318-FC6E-4756-B81E-3603ED360F62}.Release|Any CPU.ActiveCfg = Release|Any CPU
		{A0105318-FC6E-4756-B81E-3603ED360F62}.Release|Any CPU.Build.0 = Release|Any CPU
	EndGlobalSection
	GlobalSection(SolutionProperties) = preSolution
		HideSolutionNode = FALSE
	EndGlobalSection
	GlobalSection(ExtensibilityGlobals) = postSolution
		SolutionGuid = {EB2EA5F4-1B43-4F22-A30C-8C50862F3470}
	EndGlobalSection
EndGlobal
